{
  "name": "rego-adventure-frontend",
  "version": "2.3.0",
  "lockfileVersion": 3,
  "requires": true,
  "packages": {
    "": {
      "name": "rego-adventure-frontend",
      "version": "2.3.0",
      "license": "Apache-2.0",
      "devDependencies": {
        "canvas-confetti": "1.9.4",
        "dompurify": "3.4.15",
        "driver.js": "1.8.0",
        "marked": "18.0.12",
        "oidc-client-ts": "3.5.0",
        "yace": "1.1.0"
      }
    },
    "node_modules/@types/trusted-types": {
      "version": "2.0.7",
      "resolved": "https://registry.npmjs.org/@types/trusted-types/-/trusted-types-2.0.7.tgz",
      "integrity": "sha512-ScaPdn1dQczgbl0QFTeTOmVHFULt394XJgOQNoyVhZ6r2vLnMLJfBPd53SB52T/3G36VI1/g2MZaX0cwDuXsfw==",
      "dev": true,
      "license": "MIT",
      "optional": true
    },
    "node_modules/canvas-confetti": {
      "version": "1.9.4",
      "resolved": "https://registry.npmjs.org/canvas-confetti/-/canvas-confetti-1.9.4.tgz",
      "integrity": "sha512-yxQbJkAVrFXWNbTUjPqjF7G+g6pDotOUHGbkZq2NELZUMDpiJ85rIEazVb8GTaAptNW2miJAXbs1BtioA251Pw==",
      "dev": true,
      "license": "ISC",
      "funding": {
        "type": "donate",
        "url": "https://www.paypal.me/kirilvatev"
      }
    },
    "node_modules/dompurify": {
      "version": "3.4.15",
      "resolved": "https://registry.npmjs.org/dompurify/-/dompurify-3.4.15.tgz",
      "integrity": "sha512-EUBjM+B+lkDE41iE82DDSCfkoPGfXx8IxFxPMjNzm/Uk4xDet77rTN9wqlxlVg71kK7XGuUMv6wUxJUwwv+Xyw==",
      "dev": true,
      "license": "(MPL-2.0 OR Apache-2.0)",
      "optionalDependencies": {
        "@types/trusted-types": "^2.0.7"
      }
    },
    "node_modules/driver.js": {
      "version": "1.8.0",
      "resolved": "https://registry.npmjs.org/driver.js/-/driver.js-1.8.0.tgz",
      "integrity": "sha512-+8/IO7h1v14IzWh2GP60N7T3PFZweXwdn5e5POuxRSBoCYUojsBxzqawPeXh3YZIibRy7EehYNEyxe7slwwtdg==",
      "dev": true,
      "license": "MIT"
    },
    "node_modules/jwt-decode": {
      "version": "4.0.0",
      "resolved": "https://registry.npmjs.org/jwt-decode/-/jwt-decode-4.0.0.tgz",
      "integrity": "sha512-+KJGIyHgkGuIq3IEBNftfhW/LfWhXUIY6OmyVWjliu5KH1y0fw7VQ8YndE2O4qZdMSd9SqbnC8GOcZEy0Om7sA==",
      "dev": true,
      "license": "MIT",
      "engines": {
        "node": ">=18"
      }
    },
    "node_modules/marked": {
      "version": "18.0.12",
      "resolved": "https://registry.npmjs.org/marked/-/marked-18.0.12.tgz",
      "integrity": "sha512-LEm4ga2YeI2T3GVHj9b0BaDPPk93LLTHMFeMyQbNIzPxc8vCI0y/scy0ZA6z6lXKyT9j9Nhl/OC6ZYKYGuFScA==",
      "dev": true,
      "license": "MIT",
      "bin": {
        "marked": "bin/marked.js"
      },
      "engines": {
        "node": ">= 20"
      }
    },
    "node_modules/oidc-client-ts": {
      "version": "3.5.0",
      "resolved": "https://registry.npmjs.org/oidc-client-ts/-/oidc-client-ts-3.5.0.tgz",
      "integrity": "sha512-l2q8l9CTCTOlbX+AnK4p3M+4CEpKpyQhle6blQkdFhm0IsBqsxm15bYaSa11G7pWdsYr6epdsRZxJpCyCRbT8A==",
      "dev": true,
      "license": "Apache-2.0",
      "dependencies": {
        "jwt-decode": "^4.0.0"
      },
      "engines": {
        "node": ">=18"
      }
    },
    "node_modules/yace": {
      "version": "1.1.0",
      "resolved": "https://registry.npmjs.org/yace/-/yace-1.1.0.tgz",
      "integrity": "sha512-jB29trAxPBvTIR/lXsgh97q22n/Rq5ZHbDT4DT6WUvXVlJLR7jdwiBKD+0zi3XZAD5N+YKa3GrdIrelqIXj2oQ==",
      "dev": true,
      "license": "MIT"
    }
  }
}
